// !$*UTF8*$!
{
	archiveVersion = 1;
	classes = {
	};
	objectVersion = 46;
	objects = {

/* Begin PBXBuildFile section */
		FB8E42B11D635DE400E2ECDC /* ConversationDetailViewController.swift in Sources */ = {isa = PBXBuildFile; fileRef = FB8E42B01D635DE400E2ECDC /* ConversationDetailViewController.swift */; };
		FBAC10F01D620A7E0008FCF3 /* ConversationListTableViewController.swift in Sources */ = {isa = PBXBuildFile; fileRef = FBAC10EF1D620A7E0008FCF3 /* ConversationListTableViewController.swift */; };
		FBAC10F41D620AE00008FCF3 /* ContactsListTableViewController.swift in Sources */ = {isa = PBXBuildFile; fileRef = FBAC10F31D620AE00008FCF3 /* ContactsListTableViewController.swift */; };
		FBAC10F61D620B710008FCF3 /* RegistrationViewController.swift in Sources */ = {isa = PBXBuildFile; fileRef = FBAC10F51D620B710008FCF3 /* RegistrationViewController.swift */; };
		FBAC10F81D620B830008FCF3 /* SettingsViewController.swift in Sources */ = {isa = PBXBuildFile; fileRef = FBAC10F71D620B830008FCF3 /* SettingsViewController.swift */; };
		FBB302EA1D5A5B790050470E /* AppDelegate.swift in Sources */ = {isa = PBXBuildFile; fileRef = FBB302E91D5A5B790050470E /* AppDelegate.swift */; };
		FBB302EF1D5A5B790050470E /* Main.storyboard in Resources */ = {isa = PBXBuildFile; fileRef = FBB302ED1D5A5B790050470E /* Main.storyboard */; };
		FBB302F21D5A5B790050470E /* DungeonMessenger.xcdatamodeld in Sources */ = {isa = PBXBuildFile; fileRef = FBB302F01D5A5B790050470E /* DungeonMessenger.xcdatamodeld */; };
		FBB302F41D5A5B790050470E /* Assets.xcassets in Resources */ = {isa = PBXBuildFile; fileRef = FBB302F31D5A5B790050470E /* Assets.xcassets */; };
		FBB302F71D5A5B790050470E /* LaunchScreen.storyboard in Resources */ = {isa = PBXBuildFile; fileRef = FBB302F51D5A5B790050470E /* LaunchScreen.storyboard */; };
		FBB303001D5A5B8D0050470E /* CloudKit.framework in Frameworks */ = {isa = PBXBuildFile; fileRef = FBB302FF1D5A5B8D0050470E /* CloudKit.framework */; };
		FBB303021D5A5BE90050470E /* Conversation.swift in Sources */ = {isa = PBXBuildFile; fileRef = FBB303011D5A5BE90050470E /* Conversation.swift */; };
		FBB303041D5A5BF20050470E /* Message.swift in Sources */ = {isa = PBXBuildFile; fileRef = FBB303031D5A5BF20050470E /* Message.swift */; };
		FBB303061D5A5C020050470E /* CloudKitManager.swift in Sources */ = {isa = PBXBuildFile; fileRef = FBB303051D5A5C020050470E /* CloudKitManager.swift */; };
		FBB3030D1D5A7D660050470E /* User.swift in Sources */ = {isa = PBXBuildFile; fileRef = FBB3030C1D5A7D660050470E /* User.swift */; };
		FBB3030F1D5A7EAF0050470E /* UserController.swift in Sources */ = {isa = PBXBuildFile; fileRef = FBB3030E1D5A7EAF0050470E /* UserController.swift */; };
		FBB303191D5A89830050470E /* ConversationController.swift in Sources */ = {isa = PBXBuildFile; fileRef = FBB303181D5A89830050470E /* ConversationController.swift */; };
/* End PBXBuildFile section */

/* Begin PBXFileReference section */
		FB8E42B01D635DE400E2ECDC /* ConversationDetailViewController.swift */ = {isa = PBXFileReference; fileEncoding = 4; lastKnownFileType = sourcecode.swift; path = ConversationDetailViewController.swift; sourceTree = "<group>"; };
		FBAC10EF1D620A7E0008FCF3 /* ConversationListTableViewController.swift */ = {isa = PBXFileReference; fileEncoding = 4; lastKnownFileType = sourcecode.swift; path = ConversationListTableViewController.swift; sourceTree = "<group>"; };
		FBAC10F31D620AE00008FCF3 /* ContactsListTableViewController.swift */ = {isa = PBXFileReference; fileEncoding = 4; lastKnownFileType = sourcecode.swift; path = ContactsListTableViewController.swift; sourceTree = "<group>"; };
		FBAC10F51D620B710008FCF3 /* RegistrationViewController.swift */ = {isa = PBXFileReference; fileEncoding = 4; lastKnownFileType = sourcecode.swift; path = RegistrationViewController.swift; sourceTree = "<group>"; };
		FBAC10F71D620B830008FCF3 /* SettingsViewController.swift */ = {isa = PBXFileReference; fileEncoding = 4; lastKnownFileType = sourcecode.swift; path = SettingsViewController.swift; sourceTree = "<group>"; };
		FBB302E61D5A5B790050470E /* DungeonMessenger.app */ = {isa = PBXFileReference; explicitFileType = wrapper.application; includeInIndex = 0; path = DungeonMessenger.app; sourceTree = BUILT_PRODUCTS_DIR; };
		FBB302E91D5A5B790050470E /* AppDelegate.swift */ = {isa = PBXFileReference; lastKnownFileType = sourcecode.swift; path = AppDelegate.swift; sourceTree = "<group>"; };
		FBB302EE1D5A5B790050470E /* Base */ = {isa = PBXFileReference; lastKnownFileType = file.storyboard; name = Base; path = Base.lproj/Main.storyboard; sourceTree = "<group>"; };
		FBB302F11D5A5B790050470E /* DungeonMessenger.xcdatamodel */ = {isa = PBXFileReference; lastKnownFileType = wrapper.xcdatamodel; path = DungeonMessenger.xcdatamodel; sourceTree = "<group>"; };
		FBB302F31D5A5B790050470E /* Assets.xcassets */ = {isa = PBXFileReference; lastKnownFileType = folder.assetcatalog; path = Assets.xcassets; sourceTree = "<group>"; };
		FBB302F61D5A5B790050470E /* Base */ = {isa = PBXFileReference; lastKnownFileType = file.storyboard; name = Base; path = Base.lproj/LaunchScreen.storyboard; sourceTree = "<group>"; };
		FBB302F81D5A5B790050470E /* Info.plist */ = {isa = PBXFileReference; lastKnownFileType = text.plist.xml; path = Info.plist; sourceTree = "<group>"; };
		FBB302FE1D5A5B890050470E /* DungeonMessenger.entitlements */ = {isa = PBXFileReference; lastKnownFileType = text.xml; path = DungeonMessenger.entitlements; sourceTree = "<group>"; };
		FBB302FF1D5A5B8D0050470E /* CloudKit.framework */ = {isa = PBXFileReference; lastKnownFileType = wrapper.framework; name = CloudKit.framework; path = System/Library/Frameworks/CloudKit.framework; sourceTree = SDKROOT; };
		FBB303011D5A5BE90050470E /* Conversation.swift */ = {isa = PBXFileReference; fileEncoding = 4; lastKnownFileType = sourcecode.swift; path = Conversation.swift; sourceTree = "<group>"; };
		FBB303031D5A5BF20050470E /* Message.swift */ = {isa = PBXFileReference; fileEncoding = 4; lastKnownFileType = sourcecode.swift; path = Message.swift; sourceTree = "<group>"; };
		FBB303051D5A5C020050470E /* CloudKitManager.swift */ = {isa = PBXFileReference; fileEncoding = 4; lastKnownFileType = sourcecode.swift; path = CloudKitManager.swift; sourceTree = "<group>"; };
		FBB3030C1D5A7D660050470E /* User.swift */ = {isa = PBXFileReference; fileEncoding = 4; lastKnownFileType = sourcecode.swift; path = User.swift; sourceTree = "<group>"; };
		FBB3030E1D5A7EAF0050470E /* UserController.swift */ = {isa = PBXFileReference; fileEncoding = 4; lastKnownFileType = sourcecode.swift; path = UserController.swift; sourceTree = "<group>"; };
		FBB303181D5A89830050470E /* ConversationController.swift */ = {isa = PBXFileReference; fileEncoding = 4; lastKnownFileType = sourcecode.swift; path = ConversationController.swift; sourceTree = "<group>"; };
/* End PBXFileReference section */

/* Begin PBXFrameworksBuildPhase section */
		FBB302E31D5A5B790050470E /* Frameworks */ = {
			isa = PBXFrameworksBuildPhase;
			buildActionMask = 2147483647;
			files = (
				FBB303001D5A5B8D0050470E /* CloudKit.framework in Frameworks */,
			);
			runOnlyForDeploymentPostprocessing = 0;
		};
/* End PBXFrameworksBuildPhase section */

/* Begin PBXGroup section */
		FBB302DD1D5A5B790050470E = {
			isa = PBXGroup;
			children = (
				FBB302FF1D5A5B8D0050470E /* CloudKit.framework */,
				FBB302E81D5A5B790050470E /* DungeonMessenger */,
				FBB302E71D5A5B790050470E /* Products */,
			);
			sourceTree = "<group>";
		};
		FBB302E71D5A5B790050470E /* Products */ = {
			isa = PBXGroup;
			children = (
				FBB302E61D5A5B790050470E /* DungeonMessenger.app */,
			);
			name = Products;
			sourceTree = "<group>";
		};
		FBB302E81D5A5B790050470E /* DungeonMessenger */ = {
			isa = PBXGroup;
			children = (
				FBB302FE1D5A5B890050470E /* DungeonMessenger.entitlements */,
				FBB302E91D5A5B790050470E /* AppDelegate.swift */,
				FBB302ED1D5A5B790050470E /* Main.storyboard */,
				FBB303071D5A67840050470E /* Model */,
				FBB303101D5A84280050470E /* Controllers */,
				FBB303171D5A874A0050470E /* View Controllers */,
				FBB302F31D5A5B790050470E /* Assets.xcassets */,
				FBB302F51D5A5B790050470E /* LaunchScreen.storyboard */,
				FBB302F81D5A5B790050470E /* Info.plist */,
				FBB302F01D5A5B790050470E /* DungeonMessenger.xcdatamodeld */,
			);
			path = DungeonMessenger;
			sourceTree = "<group>";
		};
		FBB303071D5A67840050470E /* Model */ = {
			isa = PBXGroup;
			children = (
				FBB303031D5A5BF20050470E /* Message.swift */,
				FBB303011D5A5BE90050470E /* Conversation.swift */,
				FBB3030C1D5A7D660050470E /* User.swift */,
			);
			name = Model;
			sourceTree = "<group>";
		};
		FBB303101D5A84280050470E /* Controllers */ = {
			isa = PBXGroup;
			children = (
				FBB303051D5A5C020050470E /* CloudKitManager.swift */,
				FBB3030E1D5A7EAF0050470E /* UserController.swift */,
				FBB303181D5A89830050470E /* ConversationController.swift */,
			);
			name = Controllers;
			sourceTree = "<group>";
		};
		FBB303171D5A874A0050470E /* View Controllers */ = {
			isa = PBXGroup;
			children = (
				FBAC10EF1D620A7E0008FCF3 /* ConversationListTableViewController.swift */,
				FB8E42B01D635DE400E2ECDC /* ConversationDetailViewController.swift */,
				FBAC10F31D620AE00008FCF3 /* ContactsListTableViewController.swift */,
				FBAC10F51D620B710008FCF3 /* RegistrationViewController.swift */,
				FBAC10F71D620B830008FCF3 /* SettingsViewController.swift */,
			);
			name = "View Controllers";
			sourceTree = "<group>";
		};
/* End PBXGroup section */

/* Begin PBXNativeTarget section */
		FBB302E51D5A5B790050470E /* DungeonMessenger */ = {
			isa = PBXNativeTarget;
			buildConfigurationList = FBB302FB1D5A5B790050470E /* Build configuration list for PBXNativeTarget "DungeonMessenger" */;
			buildPhases = (
				FBB302E21D5A5B790050470E /* Sources */,
				FBB302E31D5A5B790050470E /* Frameworks */,
				FBB302E41D5A5B790050470E /* Resources */,
			);
			buildRules = (
			);
			dependencies = (
			);
			name = DungeonMessenger;
			productName = DungeonMessenger;
			productReference = FBB302E61D5A5B790050470E /* DungeonMessenger.app */;
			productType = "com.apple.product-type.application";
		};
/* End PBXNativeTarget section */

/* Begin PBXProject section */
		FBB302DE1D5A5B790050470E /* Project object */ = {
			isa = PBXProject;
			attributes = {
				LastSwiftUpdateCheck = 0730;
				LastUpgradeCheck = 0730;
				ORGANIZATIONNAME = "Ryan Plitt";
				TargetAttributes = {
					FBB302E51D5A5B790050470E = {
						CreatedOnToolsVersion = 7.3;
						DevelopmentTeam = H4854S58A9;
						SystemCapabilities = {
							com.apple.iCloud = {
								enabled = 1;
							};
						};
					};
				};
			};
			buildConfigurationList = FBB302E11D5A5B790050470E /* Build configuration list for PBXProject "DungeonMessenger" */;
			compatibilityVersion = "Xcode 3.2";
			developmentRegion = English;
			hasScannedForEncodings = 0;
			knownRegions = (
				en,
				Base,
			);
			mainGroup = FBB302DD1D5A5B790050470E;
			productRefGroup = FBB302E71D5A5B790050470E /* Products */;
			projectDirPath = "";
			projectRoot = "";
			targets = (
				FBB302E51D5A5B790050470E /* DungeonMessenger */,
			);
		};
/* End PBXProject section */

/* Begin PBXResourcesBuildPhase section */
		FBB302E41D5A5B790050470E /* Resources */ = {
			isa = PBXResourcesBuildPhase;
			buildActionMask = 2147483647;
			files = (
				FBB302F71D5A5B790050470E /* LaunchScreen.storyboard in Resources */,
				FBB302F41D5A5B790050470E /* Assets.xcassets in Resources */,
				FBB302EF1D5A5B790050470E /* Main.storyboard in Resources */,
			);
			runOnlyForDeploymentPostprocessing = 0;
		};
/* End PBXResourcesBuildPhase section */

/* Begin PBXSourcesBuildPhase section */
		FBB302E21D5A5B790050470E /* Sources */ = {
			isa = PBXSourcesBuildPhase;
			buildActionMask = 2147483647;
			files = (
				FBB303021D5A5BE90050470E /* Conversation.swift in Sources */,
				FBB303041D5A5BF20050470E /* Message.swift in Sources */,
				FBB3030D1D5A7D660050470E /* User.swift in Sources */,
				FBAC10F61D620B710008FCF3 /* RegistrationViewController.swift in Sources */,
				FBAC10F41D620AE00008FCF3 /* ContactsListTableViewController.swift in Sources */,
				FBB302F21D5A5B790050470E /* DungeonMessenger.xcdatamodeld in Sources */,
				FBB3030F1D5A7EAF0050470E /* UserController.swift in Sources */,
				FBAC10F01D620A7E0008FCF3 /* ConversationListTableViewController.swift in Sources */,
				FBB303191D5A89830050470E /* ConversationController.swift in Sources */,
				FBAC10F81D620B830008FCF3 /* SettingsViewController.swift in Sources */,
				FBB302EA1D5A5B790050470E /* AppDelegate.swift in Sources */,
				FBB303061D5A5C020050470E /* CloudKitManager.swift in Sources */,
				FB8E42B11D635DE400E2ECDC /* ConversationDetailViewController.swift in Sources */,
			);
			runOnlyForDeploymentPostprocessing = 0;
		};
/* End PBXSourcesBuildPhase section */

/* Begin PBXVariantGroup section */
		FBB302ED1D5A5B790050470E /* Main.storyboard */ = {
			isa = PBXVariantGroup;
			children = (
				FBB302EE1D5A5B790050470E /* Base */,
			);
			name = Main.storyboard;
			sourceTree = "<group>";
		};
		FBB302F51D5A5B790050470E /* LaunchScreen.storyboard */ = {
			isa = PBXVariantGroup;
			children = (
				FBB302F61D5A5B790050470E /* Base */,
			);
			name = LaunchScreen.storyboard;
			sourceTree = "<group>";
		};
/* End PBXVariantGroup section */

/* Begin XCBuildConfiguration section */
		FBB302F91D5A5B790050470E /* Debug */ = {
			isa = XCBuildConfiguration;
			buildSettings = {
				ALWAYS_SEARCH_USER_PATHS = NO;
				CLANG_ANALYZER_NONNULL = YES;
				CLANG_CXX_LANGUAGE_STANDARD = "gnu++0x";
				CLANG_CXX_LIBRARY = "libc++";
				CLANG_ENABLE_MODULES = YES;
				CLANG_ENABLE_OBJC_ARC = YES;
				CLANG_WARN_BOOL_CONVERSION = YES;
				CLANG_WARN_CONSTANT_CONVERSION = YES;
				CLANG_WARN_DIRECT_OBJC_ISA_USAGE = YES_ERROR;
				CLANG_WARN_EMPTY_BODY = YES;
				CLANG_WARN_ENUM_CONVERSION = YES;
				CLANG_WARN_INT_CONVERSION = YES;
				CLANG_WARN_OBJC_ROOT_CLASS = YES_ERROR;
				CLANG_WARN_UNREACHABLE_CODE = YES;
				CLANG_WARN__DUPLICATE_METHOD_MATCH = YES;
				"CODE_SIGN_IDENTITY[sdk=iphoneos*]" = "iPhone Developer";
				COPY_PHASE_STRIP = NO;
				DEBUG_INFORMATION_FORMAT = dwarf;
				ENABLE_STRICT_OBJC_MSGSEND = YES;
				ENABLE_TESTABILITY = YES;
				GCC_C_LANGUAGE_STANDARD = gnu99;
				GCC_DYNAMIC_NO_PIC = NO;
				GCC_NO_COMMON_BLOCKS = YES;
				GCC_OPTIMIZATION_LEVEL = 0;
				GCC_PREPROCESSOR_DEFINITIONS = (
					"DEBUG=1",
					"$(inherited)",
				);
				GCC_WARN_64_TO_32_BIT_CONVERSION = YES;
				GCC_WARN_ABOUT_RETURN_TYPE = YES_ERROR;
				GCC_WARN_UNDECLARED_SELECTOR = YES;
				GCC_WARN_UNINITIALIZED_AUTOS = YES_AGGRESSIVE;
				GCC_WARN_UNUSED_FUNCTION = YES;
				GCC_WARN_UNUSED_VARIABLE = YES;
				IPHONEOS_DEPLOYMENT_TARGET = 9.3;
				MTL_ENABLE_DEBUG_INFO = YES;
				ONLY_ACTIVE_ARCH = YES;
				SDKROOT = iphoneos;
				SWIFT_OPTIMIZATION_LEVEL = "-Onone";
			};
			name = Debug;
		};
		FBB302FA1D5A5B790050470E /* Release */ = {
			isa = XCBuildConfiguration;
			buildSettings = {
				ALWAYS_SEARCH_USER_PATHS = NO;
				CLANG_ANALYZER_NONNULL = YES;
				CLANG_CXX_LANGUAGE_STANDARD = "gnu++0x";
				CLANG_CXX_LIBRARY = "libc++";
				CLANG_ENABLE_MODULES = YES;
				CLANG_ENABLE_OBJC_ARC = YES;
				CLANG_WARN_BOOL_CONVERSION = YES;
				CLANG_WARN_CONSTANT_CONVERSION = YES;
				CLANG_WARN_DIRECT_OBJC_ISA_USAGE = YES_ERROR;
				CLANG_WARN_EMPTY_BODY = YES;
				CLANG_WARN_ENUM_CONVERSION = YES;
				CLANG_WARN_INT_CONVERSION = YES;
				CLANG_WARN_OBJC_ROOT_CLASS = YES_ERROR;
				CLANG_WARN_UNREACHABLE_CODE = YES;
				CLANG_WARN__DUPLICATE_METHOD_MATCH = YES;
				"CODE_SIGN_IDENTITY[sdk=iphoneos*]" = "iPhone Developer";
				COPY_PHASE_STRIP = NO;
				DEBUG_INFORMATION_FORMAT = "dwarf-with-dsym";
				ENABLE_NS_ASSERTIONS = NO;
				ENABLE_STRICT_OBJC_MSGSEND = YES;
				GCC_C_LANGUAGE_STANDARD = gnu99;
				GCC_NO_COMMON_BLOCKS = YES;
				GCC_WARN_64_TO_32_BIT_CONVERSION = YES;
				GCC_WARN_ABOUT_RETURN_TYPE = YES_ERROR;
				GCC_WARN_UNDECLARED_SELECTOR = YES;
				GCC_WARN_UNINITIALIZED_AUTOS = YES_AGGRESSIVE;
				GCC_WARN_UNUSED_FUNCTION = YES;
				GCC_WARN_UNUSED_VARIABLE = YES;
				IPHONEOS_DEPLOYMENT_TARGET = 9.3;
				MTL_ENABLE_DEBUG_INFO = NO;
				SDKROOT = iphoneos;
				VALIDATE_PRODUCT = YES;
			};
			name = Release;
		};
		FBB302FC1D5A5B790050470E /* Debug */ = {
			isa = XCBuildConfiguration;
			buildSettings = {
				ASSETCATALOG_COMPILER_APPICON_NAME = AppIcon;
				CODE_SIGN_ENTITLEMENTS = DungeonMessenger/DungeonMessenger.entitlements;
				INFOPLIST_FILE = DungeonMessenger/Info.plist;
				LD_RUNPATH_SEARCH_PATHS = "$(inherited) @executable_path/Frameworks";
				PRODUCT_BUNDLE_IDENTIFIER = com.RyanPlitt.DungeonMessenger;
				PRODUCT_NAME = "$(TARGET_NAME)";
			};
			name = Debug;
		};
		FBB302FD1D5A5B790050470E /* Release */ = {
			isa = XCBuildConfiguration;
			buildSettings = {
				ASSETCATALOG_COMPILER_APPICON_NAME = AppIcon;
				CODE_SIGN_ENTITLEMENTS = DungeonMessenger/DungeonMessenger.entitlements;
				INFOPLIST_FILE = DungeonMessenger/Info.plist;
				LD_RUNPATH_SEARCH_PATHS = "$(inherited) @executable_path/Frameworks";
				PRODUCT_BUNDLE_IDENTIFIER = com.RyanPlitt.DungeonMessenger;
				PRODUCT_NAME = "$(TARGET_NAME)";
			};
			name = Release;
		};
/* End XCBuildConfiguration section */

/* Begin XCConfigurationList section */
		FBB302E11D5A5B790050470E /* Build configuration list for PBXProject "DungeonMessenger" */ = {
			isa = XCConfigurationList;
			buildConfigurations = (
				FBB302F91D5A5B790050470E /* Debug */,
				FBB302FA1D5A5B790050470E /* Release */,
			);
			defaultConfigurationIsVisible = 0;
			defaultConfigurationName = Release;
		};
		FBB302FB1D5A5B790050470E /* Build configuration list for PBXNativeTarget "DungeonMessenger" */ = {
			isa = XCConfigurationList;
			buildConfigurations = (
				FBB302FC1D5A5B790050470E /* Debug */,
				FBB302FD1D5A5B790050470E /* Release */,
			);
			defaultConfigurationIsVisible = 0;
			defaultConfigurationName = Release;
		};
/* End XCConfigurationList section */

/* Begin XCVersionGroup section */
		FBB302F01D5A5B790050470E /* DungeonMessenger.xcdatamodeld */ = {
			isa = XCVersionGroup;
			children = (
				FBB302F11D5A5B790050470E /* DungeonMessenger.xcdatamodel */,
			);
			currentVersion = FBB302F11D5A5B790050470E /* DungeonMessenger.xcdatamodel */;
			path = DungeonMessenger.xcdatamodeld;
			sourceTree = "<group>";
			versionGroupType = wrapper.xcdatamodel;
		};
/* End XCVersionGroup section */
	};
	rootObject = FBB302DE1D5A5B790050470E /* Project object */;
}
